
Microsoft Visual Studio Solution File, Format Version 11.00
# Visual Studio 2010
Project("{FAE04EC0-301F-11D3-BF4B-00C04F79EFBC}") = "Assembly-CSharp", "Assembly-CSharp.csproj", "{7703D1DB-C64C-AD9A-A920-03C2DBCE24D3}"
EndProject
Project("{FAE04EC0-301F-11D3-BF4B-00C04F79EFBC}") = "Assembly-CSharp-Editor", "Assembly-CSharp-Editor.csproj", "{67C1D1B5-2CC1-5405-AA96-973F7DF725A3}"
EndProject
Global
	GlobalSection(SolutionConfigurationPlatforms) = preSolution
		Debug|Any CPU = Debug|Any CPU
		Release|Any CPU = Release|Any CPU
	EndGlobalSection
	GlobalSection(ProjectConfigurationPlatforms) = postSolution
		{7703D1DB-C64C-AD9A-A920-03C2DBCE24D3}.Debug|Any CPU.ActiveCfg = Debug|Any CPU
		{7703D1DB-C64C-AD9A-A920-03C2DBCE24D3}.Debug|Any CPU.Build.0 = Debug|Any CPU
		{7703D1DB-C64C-AD9A-A920-03C2DBCE24D3}.Release|Any CPU.ActiveCfg = Release|Any CPU
		{7703D1DB-C64C-AD9A-A920-03C2DBCE24D3}.Release|Any CPU.Build.0 = Release|Any CPU
		{67C1D1B5-2CC1-5405-AA96-973F7DF725A3}.Debug|Any CPU.ActiveCfg = Debug|Any CPU
		{67C1D1B5-2CC1-5405-AA96-973F7DF725A3}.Debug|Any CPU.Build.0 = Debug|Any CPU
		{67C1D1B5-2CC1-5405-AA96-973F7DF725A3}.Release|Any CPU.ActiveCfg = Release|Any CPU
		{67C1D1B5-2CC1-5405-AA96-973F7DF725A3}.Release|Any CPU.Build.0 = Release|Any CPU
	EndGlobalSection
	GlobalSection(SolutionProperties) = preSolution
		HideSolutionNode = FALSE
	EndGlobalSection
EndGlobal
